
Microsoft Visual Studio Solution File, Format Version 12.00
# Visual Studio Express 14 for Windows Desktop
VisualStudioVersion = 14.0.23107.0
MinimumVisualStudioVersion = 10.0.40219.1
Project("{FAE04EC0-301F-11D3-BF4B-00C04F79EFBC}") = "Story_of_liban_o_emil", "Story_of_liban_o_emil\Story_of_liban_o_emil.csproj", "{DB1F142A-197A-4FE7-B3B9-888C0A3338EB}"
EndProject
Global
	GlobalSection(SolutionConfigurationPlatforms) = preSolution
		Debug|Any CPU = Debug|Any CPU
		Release|Any CPU = Release|Any CPU
	EndGlobalSection
	GlobalSection(ProjectConfigurationPlatforms) = postSolution
		{DB1F142A-197A-4FE7-B3B9-888C0A3338EB}.Debug|Any CPU.ActiveCfg = Debug|Any CPU
		{DB1F142A-197A-4FE7-B3B9-888C0A3338EB}.Debug|Any CPU.Build.0 = Debug|Any CPU
		{DB1F142A-197A-4FE7-B3B9-888C0A3338EB}.Release|Any CPU.ActiveCfg = Release|Any CPU
		{DB1F142A-197A-4FE7-B3B9-888C0A3338EB}.Release|Any CPU.Build.0 = Release|Any CPU
	EndGlobalSection
	GlobalSection(SolutionProperties) = preSolution
		HideSolutionNode = FALSE
	EndGlobalSection
EndGlobal
